{
  "version": 4,
  "terraform_version": "0.12.16",
  "serial": 18,
  "lineage": "4ca53084-5b78-f926-3b43-6dceaefd19d1",
  "outputs": {},
  "resources": [
    {
      "mode": "managed",
      "type": "kubernetes_deployment",
      "name": "athens-server",
      "provider": "provider.kubernetes",
      "instances": [
        {
          "schema_version": 0,
          "attributes": {
            "id": "athens-server/athens-server",
            "metadata": [
              {
                "annotations": {},
                "generate_name": "",
                "generation": 4,
                "labels": {
                  "app": "athens",
                  "kind": "httpserver"
                },
                "name": "athens-server",
                "namespace": "athens-server",
                "resource_version": "27357985",
                "self_link": "/apis/apps/v1/namespaces/athens-server/deployments/athens-server",
                "uid": "4aa2f1dd-0cc0-11ea-b2ae-56283abc5784"
              }
            ],
            "spec": [
              {
                "min_ready_seconds": 0,
                "paused": false,
                "progress_deadline_seconds": 600,
                "replicas": 5,
                "revision_history_limit": 10,
                "selector": [
                  {
                    "match_expressions": [],
                    "match_labels": {
                      "app": "athens",
                      "kind": "httpserver"
                    }
                  }
                ],
                "strategy": [
                  {
                    "rolling_update": [
                      {
                        "max_surge": "25%",
                        "max_unavailable": "25%"
                      }
                    ],
                    "type": "RollingUpdate"
                  }
                ],
                "template": [
                  {
                    "metadata": [
                      {
                        "annotations": {},
                        "generate_name": "",
                        "generation": 0,
                        "labels": {
                          "app": "athens",
                          "kind": "httpserver"
                        },
                        "name": "",
                        "namespace": "",
                        "resource_version": "",
                        "self_link": "",
                        "uid": ""
                      }
                    ],
                    "spec": [
                      {
                        "active_deadline_seconds": 0,
                        "affinity": [],
                        "automount_service_account_token": false,
                        "container": [
                          {
                            "args": [],
                            "command": [],
                            "env": [
                              {
                                "name": "ATHENS_PORT",
                                "value": ":3000",
                                "value_from": []
                              },
                              {
                                "name": "ATHENS_STORAGE_TYPE",
                                "value": "mongo",
                                "value_from": []
                              },
                              {
                                "name": "ATHENS_MONGO_STORAGE_URL",
                                "value": "mongodb://athens:dYbJOr8J909yqIhgwieOTlnmKhg0jP3I5QwsDun4d3DbKTUsKK4FSf4lcSVnkv9y776cn9CPpzB6avlD2ckK8A==@athens.documents.azure.com:10255/?ssl=true\u0026replicaSet=globaldb",
                                "value_from": []
                              },
                              {
                                "name": "ATHENS_GO_GET_WORKERS",
                                "value": "3",
                                "value_from": []
                              },
                              {
                                "name": "GO_ENV",
                                "value": "development",
                                "value_from": []
                              }
                            ],
                            "env_from": [],
                            "image": "gomods/athens:v0.7.0",
                            "image_pull_policy": "IfNotPresent",
                            "lifecycle": [],
                            "liveness_probe": [],
                            "name": "athens-server",
                            "port": [
                              {
                                "container_port": 3000,
                                "host_ip": "",
                                "host_port": 0,
                                "name": "",
                                "protocol": "TCP"
                              }
                            ],
                            "readiness_probe": [],
                            "resources": [
                              {
                                "limits": [],
                                "requests": []
                              }
                            ],
                            "security_context": [],
                            "stdin": false,
                            "stdin_once": false,
                            "termination_message_path": "/dev/termination-log",
                            "tty": false,
                            "volume_mount": [],
                            "working_dir": ""
                          }
                        ],
                        "dns_config": [],
                        "dns_policy": "ClusterFirst",
                        "host_aliases": [],
                        "host_ipc": false,
                        "host_network": false,
                        "host_pid": false,
                        "hostname": "",
                        "image_pull_secrets": [],
                        "init_container": [],
                        "node_name": "",
                        "node_selector": {},
                        "priority_class_name": "",
                        "restart_policy": "Always",
                        "security_context": [],
                        "service_account_name": "",
                        "share_process_namespace": false,
                        "subdomain": "",
                        "termination_grace_period_seconds": 30,
                        "toleration": [],
                        "volume": []
                      }
                    ]
                  }
                ]
              }
            ],
            "timeouts": null
          },
          "private": "eyJlMmJmYjczMC1lY2FhLTExZTYtOGY4OC0zNDM2M2JjN2M0YzAiOnsiY3JlYXRlIjo2MDAwMDAwMDAwMDAsImRlbGV0ZSI6NjAwMDAwMDAwMDAwLCJ1cGRhdGUiOjYwMDAwMDAwMDAwMH19"
        }
      ]
    },
    {
      "mode": "managed",
      "type": "kubernetes_namespace",
      "name": "athens-namespace",
      "provider": "provider.kubernetes",
      "instances": [
        {
          "schema_version": 0,
          "attributes": {
            "id": "athens-server",
            "metadata": [
              {
                "annotations": {},
                "generate_name": "",
                "generation": 0,
                "labels": {},
                "name": "athens-server",
                "resource_version": "26667116",
                "self_link": "/api/v1/namespaces/athens-server",
                "uid": "4a5e234f-0cc0-11ea-b2ae-56283abc5784"
              }
            ],
            "timeouts": null
          },
          "private": "eyJlMmJmYjczMC1lY2FhLTExZTYtOGY4OC0zNDM2M2JjN2M0YzAiOnsiZGVsZXRlIjozMDAwMDAwMDAwMDB9fQ=="
        }
      ]
    },
    {
      "mode": "managed",
      "type": "kubernetes_service",
      "name": "athens",
      "provider": "provider.kubernetes",
      "instances": [
        {
          "schema_version": 0,
          "attributes": {
            "id": "athens-server/athens",
            "load_balancer_ingress": [
              {
                "hostname": "",
                "ip": "51.143.11.90"
              }
            ],
            "metadata": [
              {
                "annotations": {},
                "generate_name": "",
                "generation": 0,
                "labels": {},
                "name": "athens",
                "namespace": "athens-server",
                "resource_version": "26668994",
                "self_link": "/api/v1/namespaces/athens-server/services/athens",
                "uid": "aac9d3fb-0cc0-11ea-b2ae-56283abc5784"
              }
            ],
            "spec": [
              {
                "cluster_ip": "10.0.224.172",
                "external_ips": [],
                "external_name": "",
                "external_traffic_policy": "Cluster",
                "load_balancer_ip": "",
                "load_balancer_source_ranges": [],
                "port": [
                  {
                    "name": "athens-server-http",
                    "node_port": 31475,
                    "port": 8080,
                    "protocol": "TCP",
                    "target_port": "3000"
                  }
                ],
                "publish_not_ready_addresses": false,
                "selector": {
                  "app": "athens",
                  "kind": "httpserver"
                },
                "session_affinity": "None",
                "type": "LoadBalancer"
              }
            ],
            "timeouts": null
          },
          "private": "eyJlMmJmYjczMC1lY2FhLTExZTYtOGY4OC0zNDM2M2JjN2M0YzAiOnsiY3JlYXRlIjo2MDAwMDAwMDAwMDB9fQ=="
        }
      ]
    }
  ]
}
